
Microsoft Visual Studio Solution File, Format Version 12.00
# Visual Studio 14
VisualStudioVersion = 14.0.25420.1
MinimumVisualStudioVersion = 10.0.40219.1
Project("{FAE04EC0-301F-11D3-BF4B-00C04F79EFBC}") = "Earth.Service", "Earth.Service\Earth.Service.csproj", "{71DE209D-F352-4C2C-8875-C0A8351D0A3B}"
EndProject
Project("{FAE04EC0-301F-11D3-BF4B-00C04F79EFBC}") = "Earth.Service.Tests", "Earth.Service.Tests\Earth.Service.Tests.csproj", "{6B2944E5-A3EC-4649-919F-6F40D6047DD9}"
EndProject
Project("{FAE04EC0-301F-11D3-BF4B-00C04F79EFBC}") = "Earth", "Earth\Earth.csproj", "{9A1059C6-A71F-4F8A-A7C6-BD6240FE3C3B}"
EndProject
Global
	GlobalSection(SolutionConfigurationPlatforms) = preSolution
		Debug|Any CPU = Debug|Any CPU
		Release|Any CPU = Release|Any CPU
	EndGlobalSection
	GlobalSection(ProjectConfigurationPlatforms) = postSolution
		{71DE209D-F352-4C2C-8875-C0A8351D0A3B}.Debug|Any CPU.ActiveCfg = Debug|Any CPU
		{71DE209D-F352-4C2C-8875-C0A8351D0A3B}.Debug|Any CPU.Build.0 = Debug|Any CPU
		{71DE209D-F352-4C2C-8875-C0A8351D0A3B}.Release|Any CPU.ActiveCfg = Release|Any CPU
		{71DE209D-F352-4C2C-8875-C0A8351D0A3B}.Release|Any CPU.Build.0 = Release|Any CPU
		{6B2944E5-A3EC-4649-919F-6F40D6047DD9}.Debug|Any CPU.ActiveCfg = Debug|Any CPU
		{6B2944E5-A3EC-4649-919F-6F40D6047DD9}.Debug|Any CPU.Build.0 = Debug|Any CPU
		{6B2944E5-A3EC-4649-919F-6F40D6047DD9}.Release|Any CPU.ActiveCfg = Release|Any CPU
		{6B2944E5-A3EC-4649-919F-6F40D6047DD9}.Release|Any CPU.Build.0 = Release|Any CPU
		{9A1059C6-A71F-4F8A-A7C6-BD6240FE3C3B}.Debug|Any CPU.ActiveCfg = Debug|Any CPU
		{9A1059C6-A71F-4F8A-A7C6-BD6240FE3C3B}.Debug|Any CPU.Build.0 = Debug|Any CPU
		{9A1059C6-A71F-4F8A-A7C6-BD6240FE3C3B}.Release|Any CPU.ActiveCfg = Release|Any CPU
		{9A1059C6-A71F-4F8A-A7C6-BD6240FE3C3B}.Release|Any CPU.Build.0 = Release|Any CPU
	EndGlobalSection
	GlobalSection(SolutionProperties) = preSolution
		HideSolutionNode = FALSE
	EndGlobalSection
EndGlobal
